
Microsoft Visual Studio Solution File, Format Version 12.00
# Visual Studio Version 16
VisualStudioVersion = 16.0.31410.357
MinimumVisualStudioVersion = 10.0.40219.1
Project("{FAE04EC0-301F-11D3-BF4B-00C04F79EFBC}") = "WSDL_Fuzzer", "WSDL_Fuzzer\WSDL_Fuzzer.csproj", "{9685079C-B591-4D62-8E90-5B99A69D6EC8}"
EndProject
Global
	GlobalSection(SolutionConfigurationPlatforms) = preSolution
		Debug|Any CPU = Debug|Any CPU
		Release|Any CPU = Release|Any CPU
	EndGlobalSection
	GlobalSection(ProjectConfigurationPlatforms) = postSolution
		{9685079C-B591-4D62-8E90-5B99A69D6EC8}.Debug|Any CPU.ActiveCfg = Debug|Any CPU
		{9685079C-B591-4D62-8E90-5B99A69D6EC8}.Debug|Any CPU.Build.0 = Debug|Any CPU
		{9685079C-B591-4D62-8E90-5B99A69D6EC8}.Release|Any CPU.ActiveCfg = Release|Any CPU
		{9685079C-B591-4D62-8E90-5B99A69D6EC8}.Release|Any CPU.Build.0 = Release|Any CPU
	EndGlobalSection
	GlobalSection(SolutionProperties) = preSolution
		HideSolutionNode = FALSE
	EndGlobalSection
	GlobalSection(ExtensibilityGlobals) = postSolution
		SolutionGuid = {5C3A75E4-FF40-4EEC-9A4D-AAE51BD584E3}
	EndGlobalSection
EndGlobal
